uuid: 0bdcff37-0a06-45fb-9834-acbe62e3b382
langcode: en
status: true
dependencies:
  module:
    - dashboard
    - system
  theme:
    - singleportal
id: changepasswordblock
theme: singleportal
region: dashleft
weight: -8
provider: null
plugin: change_password_block
settings:
  id: change_password_block
  label: 'Change Password block'
  label_display: '0'
  provider: dashboard
visibility:
  request_path:
    id: request_path
    negate: false
    pages: /home
